
Microsoft Visual Studio Solution File, Format Version 12.00
# Visual Studio Version 16
VisualStudioVersion = 16.0.810.17
MinimumVisualStudioVersion = 10.0.40219.1
Project("{FAE04EC0-301F-11D3-BF4B-00C04F79EFBC}") = "Kim_Angela_Eonjeong_HW1", "Kim_Angela_Eonjeong_HW1\Kim_Angela_Eonjeong_HW1.csproj", "{A7B3E754-9D14-4CEA-ABFB-04CC98A06ED4}"
EndProject
Global
	GlobalSection(SolutionConfigurationPlatforms) = preSolution
		Debug|Any CPU = Debug|Any CPU
		Release|Any CPU = Release|Any CPU
	EndGlobalSection
	GlobalSection(ProjectConfigurationPlatforms) = postSolution
		{A7B3E754-9D14-4CEA-ABFB-04CC98A06ED4}.Debug|Any CPU.ActiveCfg = Debug|Any CPU
		{A7B3E754-9D14-4CEA-ABFB-04CC98A06ED4}.Debug|Any CPU.Build.0 = Debug|Any CPU
		{A7B3E754-9D14-4CEA-ABFB-04CC98A06ED4}.Release|Any CPU.ActiveCfg = Release|Any CPU
		{A7B3E754-9D14-4CEA-ABFB-04CC98A06ED4}.Release|Any CPU.Build.0 = Release|Any CPU
	EndGlobalSection
	GlobalSection(SolutionProperties) = preSolution
		HideSolutionNode = FALSE
	EndGlobalSection
	GlobalSection(ExtensibilityGlobals) = postSolution
		SolutionGuid = {09D249B7-5760-4595-93F3-BDB035D5F46B}
	EndGlobalSection
EndGlobal
