
Microsoft Visual Studio Solution File, Format Version 12.00
# Visual Studio Version 16
VisualStudioVersion = 16.0.810.17
MinimumVisualStudioVersion = 10.0.40219.1
Project("{FAE04EC0-301F-11D3-BF4B-00C04F79EFBC}") = "Kim_Angela_Eonjeong_HW2", "Kim_Angela_Eonjeong_HW2\Kim_Angela_Eonjeong_HW2.csproj", "{C74A58A6-2FAA-40E5-AADA-98E21AC7D538}"
EndProject
Global
	GlobalSection(SolutionConfigurationPlatforms) = preSolution
		Debug|Any CPU = Debug|Any CPU
		Release|Any CPU = Release|Any CPU
	EndGlobalSection
	GlobalSection(ProjectConfigurationPlatforms) = postSolution
		{C74A58A6-2FAA-40E5-AADA-98E21AC7D538}.Debug|Any CPU.ActiveCfg = Debug|Any CPU
		{C74A58A6-2FAA-40E5-AADA-98E21AC7D538}.Debug|Any CPU.Build.0 = Debug|Any CPU
		{C74A58A6-2FAA-40E5-AADA-98E21AC7D538}.Release|Any CPU.ActiveCfg = Release|Any CPU
		{C74A58A6-2FAA-40E5-AADA-98E21AC7D538}.Release|Any CPU.Build.0 = Release|Any CPU
	EndGlobalSection
	GlobalSection(SolutionProperties) = preSolution
		HideSolutionNode = FALSE
	EndGlobalSection
	GlobalSection(ExtensibilityGlobals) = postSolution
		SolutionGuid = {213C7BEA-09D3-477B-812A-DC0A59808EB9}
	EndGlobalSection
EndGlobal
