
Microsoft Visual Studio Solution File, Format Version 12.00
# Visual Studio Version 16
VisualStudioVersion = 16.0.810.17
MinimumVisualStudioVersion = 10.0.40219.1
Project("{FAE04EC0-301F-11D3-BF4B-00C04F79EFBC}") = "Kim_Angela_Eonjeong_HW5", "Kim_Angela_Eonjeong_HW5\Kim_Angela_Eonjeong_HW5.csproj", "{210BDED8-8AAE-456D-AB9C-97C715166E9C}"
EndProject
Global
	GlobalSection(SolutionConfigurationPlatforms) = preSolution
		Debug|Any CPU = Debug|Any CPU
		Release|Any CPU = Release|Any CPU
	EndGlobalSection
	GlobalSection(ProjectConfigurationPlatforms) = postSolution
		{210BDED8-8AAE-456D-AB9C-97C715166E9C}.Debug|Any CPU.ActiveCfg = Debug|Any CPU
		{210BDED8-8AAE-456D-AB9C-97C715166E9C}.Debug|Any CPU.Build.0 = Debug|Any CPU
		{210BDED8-8AAE-456D-AB9C-97C715166E9C}.Release|Any CPU.ActiveCfg = Release|Any CPU
		{210BDED8-8AAE-456D-AB9C-97C715166E9C}.Release|Any CPU.Build.0 = Release|Any CPU
	EndGlobalSection
	GlobalSection(SolutionProperties) = preSolution
		HideSolutionNode = FALSE
	EndGlobalSection
	GlobalSection(ExtensibilityGlobals) = postSolution
		SolutionGuid = {7E6F0E09-9626-4B28-8736-AE1FC63DD0F7}
	EndGlobalSection
EndGlobal
